# THIS IS AN AUTOGENERATED FILE. DO NOT EDIT THIS FILE DIRECTLY.
# yarn lockfile v1


"@a-la/detect-jsx@^1.0.1":
  version "1.0.1"
  resolved "https://registry.yarnpkg.com/@a-la/detect-jsx/-/detect-jsx-1.0.1.tgz#ef36b5f3c129e0901d5752a86999a9910f6b5e7a"
  integrity sha512-ZxWfYmzeFt0CUDylMM8ZiZwSDOrZHyDnf5iVkimZKOfB5VwNEhC52NZCv5zctMFI2y3H4+jsePq6fXHc46FrFw==

"@a-la/export@^1.5.0":
  version "1.5.0"
  resolved "https://registry.yarnpkg.com/@a-la/export/-/export-1.5.0.tgz#9af0d33a12363a698d7ee649420cbd8a9faf60f0"
  integrity sha512-FKYRShKIhoSo4zn8f4UQ3aBix+HzbPXvo9tA2DnJIb0XDNbRldQy0X3Mi+0u4BdUuaRD1lZ+ReRwegL965EFnw==

"@a-la/fixture-alamode@1.1.1":
  version "1.1.1"
  resolved "https://registry.yarnpkg.com/@a-la/fixture-alamode/-/fixture-alamode-1.1.1.tgz#a50509657e5b1d166a678ceeb348096eb8f718b2"
  integrity sha512-7UQnMy8qdHVN2nvzs9sDsO6B9/oKAR2dThVLytR+L+CDUowGaJVEvxGg1kwHNLOuC+80pDXEZEAmOV9PNvBBxw==

"@a-la/fixture-babel@1.2.1":
  version "1.2.1"
  resolved "https://registry.yarnpkg.com/@a-la/fixture-babel/-/fixture-babel-1.2.1.tgz#66ca25e7d564d6a59c0c06d1cf206210795cb28f"
  integrity sha512-pXXpb7TBC72ZZ2pTO7SHJCOq5Rrf3ay7B8qAeCHO4uiy1q+7tqFFRerE0u6ZeN+9R3CRU8IadbhSZTa5iOPNNQ==

"@a-la/import@^1.9.1":
  version "1.9.1"
  resolved "https://registry.yarnpkg.com/@a-la/import/-/import-1.9.1.tgz#e8987844891be6163e523a554ed0300bf2cad403"
  integrity sha512-GjQt77Nv8nrc9T0k4FTf7rcfleL0IUOdIcnI1ZxHTw84TwlIlxkkkVEOoZ/2ibHYhXxH3Wp+LlYNRnFMWny2Wg==
  dependencies:
    fpj "^1.3.0"

"@a-la/jsx@^1.6.0":
  version "1.6.0"
  resolved "https://registry.yarnpkg.com/@a-la/jsx/-/jsx-1.6.0.tgz#803a8debba9b1d589ad505c610b196096ae0772d"
  integrity sha512-ybOpoq6pqt2L733csuR0LoUXoSpLH7t1qkIH2Gyxx77V4rcdzKB8fmC8Q60djA1ShS7YdIBR5a6hy03Trj1Gog==
  dependencies:
    "@a-la/detect-jsx" "^1.0.1"
    restream "^3.7.1"

"@a-la/markers@^1.3.0":
  version "1.3.0"
  resolved "https://registry.yarnpkg.com/@a-la/markers/-/markers-1.3.0.tgz#b5d55aae162ab119c75d48d4d4c32e921613c011"
  integrity sha512-oOFOc5BeL7sowpi3Xv2D9HzrUSDnXWDuqf2f5M4J2y1xvMJ/wbG9qBWZ+0eSnSvWdqxTnR4/Mnhs8egQJO28og==
  dependencies:
    restream "^3.7.1"

"@a-la/source-map-generator@^1.0.0":
  version "1.0.0"
  resolved "https://registry.yarnpkg.com/@a-la/source-map-generator/-/source-map-generator-1.0.0.tgz#afbfffa157442f6e822c9a08fc2e5f5463fa943a"
  integrity sha512-ZEtyblLbtiII5ahN4aHuGm1dRyabQjFNHlNVPp//mrZAF80iNlaspW62tIkSRR/N4dM3ERxmQJOa4+rLUVOEPQ==

"@artdeco/clean-stack@^1.1.1":
  version "1.1.1"
  resolved "https://registry.yarnpkg.com/@artdeco/clean-stack/-/clean-stack-1.1.1.tgz#0a68b9a061b5076ebaf948c150ea26d09c1e753f"
  integrity sha512-q5lO3vGUo0WgkSqzgzjL0HQdA9t2HzQqZISuVuQWMh9xqLuiLFP/ZTsxFc8vpMl7mNpGk7Mm0OeyFQ+Evrp0Cw==

"@artdeco/pirates@^1.0.0":
  version "1.0.0"
  resolved "https://registry.yarnpkg.com/@artdeco/pirates/-/pirates-1.0.0.tgz#3403fa0d05b8c5fe168ed814d7ac8cb95d4b18ca"
  integrity sha512-8dooTG4aHnwgfPKF1a8u3tElculvA3tHzuWnVJa+YceZb26s+0IsNJhmcRpIgQpnEoc2FwkaRWKuO4P1cHuK3Q==

"@depack/cache@^1.0.0":
  version "1.0.0"
  resolved "https://registry.yarnpkg.com/@depack/cache/-/cache-1.0.0.tgz#7b8c7473dc96b410f719af80ae0be5ded9e55ad3"
  integrity sha512-SG3coCeNzpc10hVCfIcklhynJ2qzIL9bPr0QsHRlVqNlfThqr90JZYEgOatxB62PHdrkyGc4fEFTn32QTuaRGA==
  dependencies:
    erte "^1.1.7"
    makepromise "^3.0.3"
    resolve-dependency "^1.0.2"
    static-analysis "^1.3.3"

"@depack/detect@^1.0.2":
  version "1.1.0"
  resolved "https://registry.yarnpkg.com/@depack/detect/-/detect-1.1.0.tgz#e5e5cbd2c7f68d689363f4b4a7179a2918d45ff3"
  integrity sha512-t6OBa7LsPNhBFDcEN1V6S3nIQp0t3rB2OfTa/UiV1jCyeI+AEmy4iwhlkgv0pdMEs+gzgwnQQ/6bwQGI6+89lA==
  dependencies:
    mismatch "^1.2.0"

"@depack/render@^1.1.4":
  version "1.1.4"
  resolved "https://registry.yarnpkg.com/@depack/render/-/render-1.1.4.tgz#8586d55f60502c8bfae7bbb0bd0a0513670fbcbd"
  integrity sha512-/dotKRTngUMOZpVwZvdMYZz6NID6fJENTaG1sa14UbAS3bleGa7OeXie5468Huw/NRZcGPf/390ndegXbdNSpA==

"@depack/split@^1.0.0":
  version "1.0.0"
  resolved "https://registry.yarnpkg.com/@depack/split/-/split-1.0.0.tgz#37fea28d9bc6f01e5a2da87d393f402781bb7e99"
  integrity sha512-PNJPl01VFMKtyN7qBZ2cds4N/lO2KvzLrR7JamODFiuuL2X8mGoTKp1SI8fxlT2MwLV8mScCUKn55QPwsUX7iA==

"@typedefs/parser@^1.3.0":
  version "1.3.0"
  resolved "https://registry.yarnpkg.com/@typedefs/parser/-/parser-1.3.0.tgz#f920d85654c72ce9b41c45e9ee762f0161c567da"
  integrity sha512-WTH390S8kD3h8j+GjvyAYRYVNp6WSnZb3/yi1bFPW3DSWy15AhD1fnb4yZxmzQPniJICKGpexGBNOGUEjXqMlQ==

"@wrote/clone@^1.1.1", "@wrote/clone@^1.2.1":
  version "1.2.1"
  resolved "https://registry.yarnpkg.com/@wrote/clone/-/clone-1.2.1.tgz#112cfab56adcfe8df9341a82c48ddb0d6bd6dbc4"
  integrity sha512-V1tFKje8f+gmFDJSBnJ6xGeZQjPtUGJK2kwHdJ2o/FC6bYHDhWv8aHat5hXv8hqN0fl8TtH0ZRZ5GwLhoezfng==
  dependencies:
    "@wrote/ensure-path" "^1.0.8"
    "@wrote/read-dir-structure" "^1.2.0"
    makepromise "^3.1.0"

"@wrote/ensure-path@^1.0.6", "@wrote/ensure-path@^1.0.8":
  version "1.0.8"
  resolved "https://registry.yarnpkg.com/@wrote/ensure-path/-/ensure-path-1.0.8.tgz#68b985c851948dc5094f1019d0b0a979ccf585e9"
  integrity sha512-IlK31uEKPlCTLG9E4WRWW6KqgF6LHOQ6erxdwycIc63Aa/6GwrJZG8mgxebOsPbTkcFyXxfiGzbb5eOZYyq2rA==
  dependencies:
    makepromise "^3.1.0"

"@wrote/exists@^1.0.3", "@wrote/exists@^1.0.5":
  version "1.0.5"
  resolved "https://registry.yarnpkg.com/@wrote/exists/-/exists-1.0.5.tgz#6310f57ee017449ed17f19a85dd1a9dd6380d74b"
  integrity sha512-OLA2QrG/SkMP5ZGm6Am0ICG8IDzCwwnyErKjWWPTu6C1/eeCEqlZZSONSe6BquCFNQpOqhyZ+CTnmWULPXG9bg==
  dependencies:
    makepromise "^3.1.0"

"@wrote/read-dir-structure@^1.2.0":
  version "1.2.0"
  resolved "https://registry.yarnpkg.com/@wrote/read-dir-structure/-/read-dir-structure-1.2.0.tgz#864399b144c6ff3e78bc879fb3d8a1f6bf537384"
  integrity sha512-wl0/zld6Pjssa5mgbAFw/C8u6zGs/zJJ2hLXhMQtI5nuCntTb/idQJSH4WV8+YVNI1IRQO6TBDP+6YDr3cz8jw==
  dependencies:
    makepromise "^3.1.0"

"@wrote/read@^1.0.3", "@wrote/read@^1.0.4":
  version "1.0.4"
  resolved "https://registry.yarnpkg.com/@wrote/read/-/read-1.0.4.tgz#b7343b3bbfb1d1b9ed35ee87e8021730f13f5fcf"
  integrity sha512-wRvv11mvywo2UIeFhvJ7SCO30hvW0P6jMBo1cAlYQOFwbdbTZYZxHdb1zz3VMF8o74W3xQAuvS78DNmA47NumQ==
  dependencies:
    catchment "^3.3.0"

"@wrote/rm@^1.1.3":
  version "1.1.5"
  resolved "https://registry.yarnpkg.com/@wrote/rm/-/rm-1.1.5.tgz#8044b45fd599554f653a447f386a658ff1259f52"
  integrity sha512-PBeEQ9GapqrBCig3wdvOLdSHhV4SMjxS9uWThCsuGeTNwE4dUb/hqmYC75acIvAd2iRFB2rmO/TyKjdLkM/tgQ==
  dependencies:
    "@wrote/read-dir-structure" "^1.2.0"
    makepromise "^3.1.0"

"@wrote/write@^1.0.3", "@wrote/write@^1.0.4":
  version "1.0.4"
  resolved "https://registry.yarnpkg.com/@wrote/write/-/write-1.0.4.tgz#ad2c4e667b3e2bd5f37bb844d6b78b55952c391f"
  integrity sha512-zhelf+k8hMbk/FCvroJ/KwpX8Bi1lnJ9hkJITLqiCWi1vk6X74QhjdFxSaNDyiC5V1WTPJIWQ+76VB4obY7zVw==
  dependencies:
    erotic "^2.1.0"

"@wrote/wrote@^1.2.3":
  version "1.2.3"
  resolved "https://registry.yarnpkg.com/@wrote/wrote/-/wrote-1.2.3.tgz#aa55c50df4021a849432d466e398783b5daf730a"
  integrity sha512-cmjtSOjpZMGpT4shHHbeEgwcaYZn3xqI9xyHaAIW0qkDucBaKrwwaZqSSJq7KUnS9OAMxrqh9V7y9BA7YHZDhQ==
  dependencies:
    "@wrote/ensure-path" "^1.0.6"
    "@wrote/exists" "^1.0.3"
    "@wrote/read" "^1.0.4"
    "@wrote/read-dir-structure" "^1.2.0"
    "@wrote/rm" "^1.1.3"
    "@wrote/write" "^1.0.4"

"@zoroaster/assert@^1.0.2":
  version "1.0.2"
  resolved "https://registry.yarnpkg.com/@zoroaster/assert/-/assert-1.0.2.tgz#8ffe2ebb10c81d570d4965080f942af688321a1f"
  integrity sha512-5C0LDzW8DkiSSCLyYO9ux3R5ru65yEn/GtxH1wh7ukRhLAZ/Svx4+A81YvciXcn35B2VmvCqyiTrhNdxdgusSw==

"@zoroaster/mask@^2.1.1":
  version "2.2.0"
  resolved "https://registry.yarnpkg.com/@zoroaster/mask/-/mask-2.2.0.tgz#fecdcb6f863440519b91b51f09549b1e981e84da"
  integrity sha512-/k9B/ofxE4x9Vs6EOjXQjcsltraJzNLg/uxEwzfCZUN+foiJxK/j+YBiyJmN3Gwpnry2D3Qs0D3Qm+SMkLqkTg==

alamode@^2.1.2, alamode@^2.2.0:
  version "2.2.0"
  resolved "https://registry.yarnpkg.com/alamode/-/alamode-2.2.0.tgz#723f81246b19c966b3b819fcff6debb39228dbd2"
  integrity sha512-+TLcQ4iKjs7zIUBzuchPlhna3TS2XAz2Lk2NMsSfnI/XrnUfSAUKyk67Wbaf9+hQ4wSxXguIrbBC/VV/vhE5Vg==

argufy@^1.7.0:
  version "1.7.0"
  resolved "https://registry.yarnpkg.com/argufy/-/argufy-1.7.0.tgz#189109155b6200c283350b1c23dbeee2a7519f7b"
  integrity sha512-iK7Nx5wv4XXbid/udPVu54EN6pA8w1RqkPp6NOZqBB/8cmpaxdjuWszw8VpPYQN6WWqAXJuLMNXZHEgFTvm0eA==

catchment@^1.0.0:
  version "1.0.0"
  resolved "https://registry.yarnpkg.com/catchment/-/catchment-1.0.0.tgz#3061f71be0102710be84328d2f94363a165f8c4b"
  integrity sha1-MGH3G+AQJxC+hDKNL5Q2OhZfjEs=

catchment@^3.2.3, catchment@^3.3.0:
  version "3.3.0"
  resolved "https://registry.yarnpkg.com/catchment/-/catchment-3.3.0.tgz#e57eb70183d6a75ee71da0cb8ec2e76ac01317d2"
  integrity sha512-PACm54CBCUZv1uEOMyNiB6i0kkDMdDN0+VYXIQAaeZMDcjudyPccgpYLWQfGCwCW/Q9SOfD6MyBLmxL3qh7V3A==
  dependencies:
    "@artdeco/clean-stack" "^1.1.1"
    erotic "^2.1.0"

clearr@^1.0.0:
  version "1.0.0"
  resolved "https://registry.yarnpkg.com/clearr/-/clearr-1.0.0.tgz#47f2a0a24aa910ef6b54e998732b825e3b4f90a0"
  integrity sha512-OaDCLwxycJoODRWeNZT2j152jBp59wND+N+WkgkO3UhZM4cGXWwqPNUA1xmZXeKpt9pjdRcsn8L+mw0SZJ/wWg==

competent@^1.3.1:
  version "1.3.1"
  resolved "https://registry.yarnpkg.com/competent/-/competent-1.3.1.tgz#024976f83588b235ab42da1884325c4e4a087ccc"
  integrity sha512-Aaz8KdxLzTcs5F1ClKwv++0GoEuT0VOOiSec7DgicGFu/He0oq5CdJbfV9Tf7MVQbJGAm0g9WRcSm1O5T9reUA==
  dependencies:
    "@depack/render" "^1.1.4"
    restream "^3.7.1"
    rexml "^1.4.0"

documentary@^1.27.3:
  version "1.27.3"
  resolved "https://registry.yarnpkg.com/documentary/-/documentary-1.27.3.tgz#230a4a191a616979944e481e56db881463dc2d4c"
  integrity sha512-t1573Mcni5QIuRrt3U2hgURWbcQ+IFrmymFLwA6g8g4X0mW4zTcyPS+xuaTllwBJZbV7tI8bd2xyxcF0sz0rmg==
  dependencies:
    "@depack/cache" "^1.0.0"
    "@depack/render" "^1.1.4"
    "@wrote/clone" "^1.2.1"
    "@wrote/ensure-path" "^1.0.8"
    "@wrote/write" "^1.0.4"
    alamode "^2.2.0"
    argufy "^1.7.0"
    catchment "^3.3.0"
    clearr "^1.0.0"
    competent "^1.3.1"
    erte "^1.2.0"
    makepromise "^3.1.0"
    mismatch "^1.2.0"
    pedantry "^2.3.2"
    preact "8.4.2"
    resolve-dependency "^1.0.3"
    restream "^3.7.1"
    rexml "^1.4.0"
    spawncommand "^2.2.0"
    static-analysis "^1.7.1"
    typal "^1.13.1"
    usually "^1.2.0"
    which-stream "^1.1.0"

erotic@^2.1.0, erotic@^2.1.1:
  version "2.1.1"
  resolved "https://registry.yarnpkg.com/erotic/-/erotic-2.1.1.tgz#97f20c2d6e7fd2ec6f7996823009d3ac8ae7157f"
  integrity sha512-S1ns+uibigdXxxzqiO5VNZw3d0YNrVb4jZ7OUAklO4722/ytp+nta6txsUhYmnIEI0TF7jjXNjGvcmw0I/Rs7A==
  dependencies:
    "@artdeco/clean-stack" "^1.1.1"

erte@^1.1.7, erte@^1.2.0:
  version "1.2.0"
  resolved "https://registry.yarnpkg.com/erte/-/erte-1.2.0.tgz#8b7dbf6ad822d96f071947d20d5f440623f10769"
  integrity sha512-saxyNviRCvFENCyZ66O58cY8icaraVeQOgGks6ujsBeS7zf3yyjXrhyfMpERZo7SJH1KKdXcSQqgemxW6eIpjA==

eslint-config-artdeco@1.0.1:
  version "1.0.1"
  resolved "https://registry.yarnpkg.com/eslint-config-artdeco/-/eslint-config-artdeco-1.0.1.tgz#4451c9d0ed1ce4d33dfd43a6315f12c8bfb04274"
  integrity sha1-RFHJ0O0c5NM9/UOmMV8SyL+wQnQ=

fpj@^1.3.0:
  version "1.3.0"
  resolved "https://registry.yarnpkg.com/fpj/-/fpj-1.3.0.tgz#c01dd7d72e69fa5f82d339f5e6fbc3b3256d286a"
  integrity sha512-RduDTdeaoEPD+zzyv7eYefGiPD6DVhNnhwOWTzG1aJnCDmkJrbdDfaWAOxyM0Xw75Ui6+o6wJyAUDrnyqmQvcg==
  dependencies:
    "@wrote/exists" "^1.0.5"
    "@wrote/read" "^1.0.4"
    resolve-dependency "^1.0.3"

makepromise@^3.0.3, makepromise@^3.1.0:
  version "3.1.0"
  resolved "https://registry.yarnpkg.com/makepromise/-/makepromise-3.1.0.tgz#58a07ea1605ad10c14a907334e067d200402d8b9"
  integrity sha512-wbRpYfLteGKd3j96r30G2xCrqp3blk/kYOzGKBPnEix4a/VcHcxcYFwJ79fCZFtcEqMn8MGSh8h+D+/LlI+JQQ==
  dependencies:
    erotic "^2.1.0"

mismatch@^1.2.0:
  version "1.2.0"
  resolved "https://registry.yarnpkg.com/mismatch/-/mismatch-1.2.0.tgz#3f5021861e8084e36a14c2c1f9489941cd18f790"
  integrity sha512-kuw1k8ZHS+12fBVAVOBXMBJBXcNGnByFTJIDzH4W4v84OocejZ/qzxmT4ll9CLX5OD23NXr+NvrQDus0BsQ8xw==

pedantry@^2.3.1, pedantry@^2.3.2:
  version "2.3.2"
  resolved "https://registry.yarnpkg.com/pedantry/-/pedantry-2.3.2.tgz#d31f36e360a466f49a19384b726ba2e7a8bc79b4"
  integrity sha512-dx7nkmHTD/n2jVZmcZ9ciN5nUY2Kei9ZzW7QSSvkpjiuYRJa3Z0hAbKbSF63I9zfyUWJPqJQe8cdH6U99Tx6rw==
  dependencies:
    "@wrote/read-dir-structure" "^1.2.0"

preact@8.4.2:
  version "8.4.2"
  resolved "https://registry.yarnpkg.com/preact/-/preact-8.4.2.tgz#1263b974a17d1ea80b66590e41ef786ced5d6a23"
  integrity sha512-TsINETWiisfB6RTk0wh3/mvxbGRvx+ljeBccZ4Z6MPFKgu/KFGyf2Bmw3Z/jlXhL5JlNKY6QAbA9PVyzIy9//A==

resolve-dependency@^1.0.2, resolve-dependency@^1.0.3:
  version "1.0.3"
  resolved "https://registry.yarnpkg.com/resolve-dependency/-/resolve-dependency-1.0.3.tgz#f0f78d0cea2c2fbf9dcf38b67ab15363aba8db34"
  integrity sha512-d9kWZE8B6XNztEl4UTYfZ08bSToR3uQSpRnumj4UWrY2UQTk9DBrMhpCfvNk1DowtB1gXdhn6fXtoKvYeRV5jg==
  dependencies:
    "@wrote/exists" "^1.0.3"

restream@^3.7.1:
  version "3.7.1"
  resolved "https://registry.yarnpkg.com/restream/-/restream-3.7.1.tgz#4ffefbd2a008965413e90d50fa7f0898889b3a61"
  integrity sha512-OZLcbqwcZ1VMW3MziEjE4xaeqXvl8r367pBmgviRNl3dywyzdi+ueKFW5p1qPaYaZwIRvaR/TqAlB0XKJVX90g==
  dependencies:
    "@artdeco/clean-stack" "^1.1.1"
    catchment "^3.3.0"

rexml@^1.4.0:
  version "1.4.0"
  resolved "https://registry.yarnpkg.com/rexml/-/rexml-1.4.0.tgz#64368db531b4e86acf1a3e69a4cbbed94acc5232"
  integrity sha512-Pl2ZBXcHiIXBKMBJZp141jlfekTCgKVsMSw0NJ8QYYxAV6p3mXUC9DvGI5tUW3GqWr27ieGiAuZTBm8sqsX96w==

spawncommand@1.1.0:
  version "1.1.0"
  resolved "https://registry.yarnpkg.com/spawncommand/-/spawncommand-1.1.0.tgz#80a56ed3c06ab3b91643cf3f6cef38bf582fdb15"
  integrity sha1-gKVu08Bqs7kWQ88/bO84v1gv2xU=
  dependencies:
    catchment "^1.0.0"

spawncommand@^2.2.0:
  version "2.2.0"
  resolved "https://registry.yarnpkg.com/spawncommand/-/spawncommand-2.2.0.tgz#545791d135482bd5428c9de1e889305abde42889"
  integrity sha512-WTmgdPAoXKgb4DyYArazcpR6KUcRMhXbSN3c1jE/QvX8jMkAV9/WI6yrJBsPL9q3sEfXjPyoat+/0yYYm8i+9w==
  dependencies:
    catchment "^3.3.0"

static-analysis@^1.3.3, static-analysis@^1.7.1:
  version "1.7.1"
  resolved "https://registry.yarnpkg.com/static-analysis/-/static-analysis-1.7.1.tgz#d5c58e0fd318a8db981616cdb7726003c93db999"
  integrity sha512-QTZGNqXoeEOFFTZmyeR10ai9sT8Hi/Xi7zDwr6LrFcZ9l4GEBT7qeWLyesaLf+2rAnpMDWkgLJ/ovRquJX01HA==
  dependencies:
    "@depack/detect" "^1.0.2"
    "@depack/split" "^1.0.0"
    "@wrote/read" "^1.0.4"
    erotic "^2.1.1"
    fpj "^1.3.0"
    mismatch "^1.2.0"
    resolve-dependency "^1.0.3"

temp-context@^2.1.3:
  version "2.1.3"
  resolved "https://registry.yarnpkg.com/temp-context/-/temp-context-2.1.3.tgz#278502e47a2aa717334d5d84f18657ea42d7512c"
  integrity sha512-x5Zoj1X1OJe/2RNbPJwVLbhFs0Gu8552E8VBAEZH+vLxARdUb1Kf5RXIdX6VZBMmgRpN1NXEXJsMcNirIHubeA==
  dependencies:
    "@wrote/clone" "^1.1.1"
    "@wrote/ensure-path" "^1.0.6"
    "@wrote/read" "^1.0.3"
    "@wrote/rm" "^1.1.3"
    "@wrote/write" "^1.0.3"
    catchment "^3.2.3"
    makepromise "^3.0.3"
    pedantry "^2.3.1"

typal@^1.13.1:
  version "1.13.1"
  resolved "https://registry.yarnpkg.com/typal/-/typal-1.13.1.tgz#072fa101b9c3e43a623ac5d5a600ca3eddcec919"
  integrity sha512-GsD2FwEVdCg3DGliQEzeHzF9NvLJrnmNStXYeIp/yFdLHQhJJ546HiWu4QHeq9UjjqqowOg0CDgezxPSYiGiaA==
  dependencies:
    "@typedefs/parser" "^1.3.0"
    mismatch "^1.2.0"
    rexml "^1.4.0"

usually@^1.2.0:
  version "1.2.0"
  resolved "https://registry.yarnpkg.com/usually/-/usually-1.2.0.tgz#ce4d8ea87875599bbfb3af48692595a3114f618f"
  integrity sha512-/PIDu3pkZNqYdzOr0Cyq2q8FP3ziBISOvVJtZcypg3BygIW/W618oF4dtK4mhCxbk3bUzrfTbCxDWCCr85bq/g==

which-stream@^1.1.0:
  version "1.1.0"
  resolved "https://registry.yarnpkg.com/which-stream/-/which-stream-1.1.0.tgz#7a57ddf20b8b33d27df7e1706760294aa931ea8a"
  integrity sha512-ksadtFR6JduhGSkLsbAwsNNLi4nHZGIKti1AXA1VhuzgFx7ktLLcZmauytscJpbHbm9Dv4jFIcLxpEWz41dFQQ==
  dependencies:
    catchment "^3.3.0"

yarn-s@1.1.0:
  version "1.1.0"
  resolved "https://registry.yarnpkg.com/yarn-s/-/yarn-s-1.1.0.tgz#8c65555d7c7ccb5a61e18440b8b0e4cb48b76b9d"
  integrity sha1-jGVVXXx8y1ph4YRAuLDky0i3a50=
  dependencies:
    spawncommand "1.1.0"

zoroaster@^4.1.1-alpha:
  version "4.1.1-alpha"
  resolved "https://registry.yarnpkg.com/zoroaster/-/zoroaster-4.1.1-alpha.tgz#06dbfc3f903edd3b46612200f108406a91d5d0ed"
  integrity sha512-p2mIXQhKGmaxFQdWSyNYAqK3gdtwBJhjgjOBX64L2rNJiZF7P9qCpY0ryY+BdJMORC4JuerJwihAsPgef2rHZw==
  dependencies:
    "@zoroaster/assert" "^1.0.2"
    "@zoroaster/mask" "^2.1.1"
    alamode "^2.1.2"
