# THIS IS AN AUTOGENERATED FILE. DO NOT EDIT THIS FILE DIRECTLY.
# yarn lockfile v1


"@a-la/detect-jsx@^1.0.2":
  version "1.0.2"
  resolved "https://registry.yarnpkg.com/@a-la/detect-jsx/-/detect-jsx-1.0.2.tgz#8bf79bb5f977a9b41581c37b4fc835cb3995f64c"
  integrity sha512-ud0BJXhJnI70hMksAa3e6HebyHuoa7YdP0W3kDXR326foLjiFSZVBwwY2YSqUKOL92Xek2R8sNtK4TPuTyNN4g==

"@a-la/export@^1.5.0":
  version "1.5.0"
  resolved "https://registry.yarnpkg.com/@a-la/export/-/export-1.5.0.tgz#9af0d33a12363a698d7ee649420cbd8a9faf60f0"
  integrity sha512-FKYRShKIhoSo4zn8f4UQ3aBix+HzbPXvo9tA2DnJIb0XDNbRldQy0X3Mi+0u4BdUuaRD1lZ+ReRwegL965EFnw==

"@a-la/fixture-alamode@1.1.3":
  version "1.1.3"
  resolved "https://registry.yarnpkg.com/@a-la/fixture-alamode/-/fixture-alamode-1.1.3.tgz#8a22e9a4209791f9f3d358b3b6e17891768a5aeb"
  integrity sha512-q71/AhrR0lMdGeswNbGT1hfW9LMa7q2iBqk6gYd8QVzJtdTZnqVgbtxL04xODG9jYGU6xo1BR4QrHH72fkVUuw==

"@a-la/fixture-babel@1.2.2":
  version "1.2.2"
  resolved "https://registry.yarnpkg.com/@a-la/fixture-babel/-/fixture-babel-1.2.2.tgz#c7951f1ea879c1425d64f9865e770ad5c2c522f9"
  integrity sha512-kDML6Je15hi+RaPcfNEExNbfmuXK1zXnwfy8xE/EOW9oLqEqVlrxiRgbR9AiW7h8Vn+iBzMKbSgtcEDyoAOyKg==

"@a-la/import@^1.11.0":
  version "1.11.0"
  resolved "https://registry.yarnpkg.com/@a-la/import/-/import-1.11.0.tgz#9f064d0561a9b1c837940936cb761ae50210648e"
  integrity sha512-UutZZ1WcJFOzKlFWksXMJMFstAumwY3tqST/wpisHYQnYapMb+al6pNuIwljcbIckSIOx+o1ahSSZlNLbazSjg==
  dependencies:
    fpj "^1.3.0"

"@a-la/jsx@^1.6.1":
  version "1.6.1"
  resolved "https://registry.yarnpkg.com/@a-la/jsx/-/jsx-1.6.1.tgz#85dacea08c5162e752b5d446820bb2b4aedaeb07"
  integrity sha512-sDxQB5jxV1NOd53YkpnSncSVfENqPXkVrm7a3J89JEsq98QqyhAfZ2Tcqdp9YtlAtoz9dteVSkJKIqSj31iz4Q==
  dependencies:
    "@a-la/detect-jsx" "^1.0.2"
    restream "^3.7.4"

"@a-la/markers@^1.3.0":
  version "1.3.0"
  resolved "https://registry.yarnpkg.com/@a-la/markers/-/markers-1.3.0.tgz#b5d55aae162ab119c75d48d4d4c32e921613c011"
  integrity sha512-oOFOc5BeL7sowpi3Xv2D9HzrUSDnXWDuqf2f5M4J2y1xvMJ/wbG9qBWZ+0eSnSvWdqxTnR4/Mnhs8egQJO28og==
  dependencies:
    restream "^3.7.1"

"@a-la/source-map-generator@^1.0.1":
  version "1.0.1"
  resolved "https://registry.yarnpkg.com/@a-la/source-map-generator/-/source-map-generator-1.0.1.tgz#808c56cde97a0b1e04070167532c4bc1488dd33e"
  integrity sha512-KUMPSI5hSEeeZTaoBUSWb62YN1oG1tWP2FcJJwvEOgfqO9c/jZbTGimCb3d4WnDm8sCWWyfw+g5oQd/Y64ey5w==

"@artdeco/clean-stack@^1.1.1":
  version "1.1.1"
  resolved "https://registry.yarnpkg.com/@artdeco/clean-stack/-/clean-stack-1.1.1.tgz#0a68b9a061b5076ebaf948c150ea26d09c1e753f"
  integrity sha512-q5lO3vGUo0WgkSqzgzjL0HQdA9t2HzQqZISuVuQWMh9xqLuiLFP/ZTsxFc8vpMl7mNpGk7Mm0OeyFQ+Evrp0Cw==

"@artdeco/pirates@^1.0.0":
  version "1.0.0"
  resolved "https://registry.yarnpkg.com/@artdeco/pirates/-/pirates-1.0.0.tgz#3403fa0d05b8c5fe168ed814d7ac8cb95d4b18ca"
  integrity sha512-8dooTG4aHnwgfPKF1a8u3tElculvA3tHzuWnVJa+YceZb26s+0IsNJhmcRpIgQpnEoc2FwkaRWKuO4P1cHuK3Q==

"@depack/nodejs@^1.1.4":
  version "1.1.4"
  resolved "https://registry.yarnpkg.com/@depack/nodejs/-/nodejs-1.1.4.tgz#36195f33fef7a6b9b1f93a043a52a87fac087729"
  integrity sha512-vtmNtylOPNjFkQHOgC1M8Ru9c211FgtD3sG3KGS9dvlcHDUAiNoJ52gVwOep5Tkp0I4qmwPx3oyTV6OwKchmlg==

"@externs/nodejs@^1.5.0":
  version "1.5.0"
  resolved "https://registry.yarnpkg.com/@externs/nodejs/-/nodejs-1.5.0.tgz#88ff9e7a03c53d19101ee49768e598ff0f39c9ad"
  integrity sha512-2J+FRDjGfKKldTQ5YqLmhQ04/sA9swTQ6OTtPzo4xhg41u1+eiufciXiqW6u3UXEcmm413a27NakgnLbzfp0wQ==

"@wrote/clone@^1.1.1", "@wrote/clone@^1.2.1":
  version "1.2.1"
  resolved "https://registry.yarnpkg.com/@wrote/clone/-/clone-1.2.1.tgz#112cfab56adcfe8df9341a82c48ddb0d6bd6dbc4"
  integrity sha512-V1tFKje8f+gmFDJSBnJ6xGeZQjPtUGJK2kwHdJ2o/FC6bYHDhWv8aHat5hXv8hqN0fl8TtH0ZRZ5GwLhoezfng==
  dependencies:
    "@wrote/ensure-path" "^1.0.8"
    "@wrote/read-dir-structure" "^1.2.0"
    makepromise "^3.1.0"

"@wrote/ensure-path@^1.0.6", "@wrote/ensure-path@^1.0.8":
  version "1.1.0"
  resolved "https://registry.yarnpkg.com/@wrote/ensure-path/-/ensure-path-1.1.0.tgz#2b5875dd4e215f209329c9c774702e4e67c3e07f"
  integrity sha512-yZigiFQhgAMAVrec9BoPdJzqjSBdHuCyDrAacWSHIUByxiMcmY9i/1dGM4RbGZg/bN8XWrxDDmcWLuPUmsJYFg==
  dependencies:
    makepromise "^3.1.0"

"@wrote/exists@^1.0.3", "@wrote/exists@^1.0.5":
  version "1.0.5"
  resolved "https://registry.yarnpkg.com/@wrote/exists/-/exists-1.0.5.tgz#6310f57ee017449ed17f19a85dd1a9dd6380d74b"
  integrity sha512-OLA2QrG/SkMP5ZGm6Am0ICG8IDzCwwnyErKjWWPTu6C1/eeCEqlZZSONSe6BquCFNQpOqhyZ+CTnmWULPXG9bg==
  dependencies:
    makepromise "^3.1.0"

"@wrote/read-dir-structure@^1.2.0", "@wrote/read-dir-structure@^1.3.1":
  version "1.3.1"
  resolved "https://registry.yarnpkg.com/@wrote/read-dir-structure/-/read-dir-structure-1.3.1.tgz#f63e2d9f8dd4b5c173b803cdc2f8d2cebd29177b"
  integrity sha512-fGf6n2k6/6S4koam4odR1Bk/2nzkP7/e5iyiwvexLQ7phdCnlwKJiLtYlFmOLHk4cavBpdwRP8NUm+sUJQDPHw==

"@wrote/read@^1.0.3", "@wrote/read@^1.0.4":
  version "1.0.4"
  resolved "https://registry.yarnpkg.com/@wrote/read/-/read-1.0.4.tgz#b7343b3bbfb1d1b9ed35ee87e8021730f13f5fcf"
  integrity sha512-wRvv11mvywo2UIeFhvJ7SCO30hvW0P6jMBo1cAlYQOFwbdbTZYZxHdb1zz3VMF8o74W3xQAuvS78DNmA47NumQ==
  dependencies:
    catchment "^3.3.0"

"@wrote/rm@^1.1.3":
  version "1.1.5"
  resolved "https://registry.yarnpkg.com/@wrote/rm/-/rm-1.1.5.tgz#8044b45fd599554f653a447f386a658ff1259f52"
  integrity sha512-PBeEQ9GapqrBCig3wdvOLdSHhV4SMjxS9uWThCsuGeTNwE4dUb/hqmYC75acIvAd2iRFB2rmO/TyKjdLkM/tgQ==
  dependencies:
    "@wrote/read-dir-structure" "^1.2.0"
    makepromise "^3.1.0"

"@wrote/write@^1.0.3", "@wrote/write@^1.0.4":
  version "1.0.4"
  resolved "https://registry.yarnpkg.com/@wrote/write/-/write-1.0.4.tgz#ad2c4e667b3e2bd5f37bb844d6b78b55952c391f"
  integrity sha512-zhelf+k8hMbk/FCvroJ/KwpX8Bi1lnJ9hkJITLqiCWi1vk6X74QhjdFxSaNDyiC5V1WTPJIWQ+76VB4obY7zVw==
  dependencies:
    erotic "^2.1.0"

"@wrote/wrote@^1.2.3":
  version "1.2.3"
  resolved "https://registry.yarnpkg.com/@wrote/wrote/-/wrote-1.2.3.tgz#aa55c50df4021a849432d466e398783b5daf730a"
  integrity sha512-cmjtSOjpZMGpT4shHHbeEgwcaYZn3xqI9xyHaAIW0qkDucBaKrwwaZqSSJq7KUnS9OAMxrqh9V7y9BA7YHZDhQ==
  dependencies:
    "@wrote/ensure-path" "^1.0.6"
    "@wrote/exists" "^1.0.3"
    "@wrote/read" "^1.0.4"
    "@wrote/read-dir-structure" "^1.2.0"
    "@wrote/rm" "^1.1.3"
    "@wrote/write" "^1.0.4"

"@zoroaster/assert@^1.0.2":
  version "1.0.2"
  resolved "https://registry.yarnpkg.com/@zoroaster/assert/-/assert-1.0.2.tgz#8ffe2ebb10c81d570d4965080f942af688321a1f"
  integrity sha512-5C0LDzW8DkiSSCLyYO9ux3R5ru65yEn/GtxH1wh7ukRhLAZ/Svx4+A81YvciXcn35B2VmvCqyiTrhNdxdgusSw==

"@zoroaster/mask@^2.5.0":
  version "2.5.0"
  resolved "https://registry.yarnpkg.com/@zoroaster/mask/-/mask-2.5.0.tgz#de128987743d71376485ba9b34977d49e18cde92"
  integrity sha512-GuEHgVneq0MkSHBcF7YgTAuk42/pWJnvMPvbOsUXmq3m2FcSe1v788Bfw896RzZ7p6LWq11xnq48YOkhcy5jLA==

alamode@^3.3.3, alamode@^3.4.1:
  version "3.4.1"
  resolved "https://registry.yarnpkg.com/alamode/-/alamode-3.4.1.tgz#69067860e42c366a539d5461a1657400fd8a0a80"
  integrity sha512-pQl2V/OwPbXGCgFnCZ1SEHiD2KK2L7Sj0DfX3nVKMpyDv7hBRsZMDz87l/rKtDI6IUBJ0Hjmbcw28jivm4jCTg==

argufy@^1.7.5:
  version "1.7.5"
  resolved "https://registry.yarnpkg.com/argufy/-/argufy-1.7.5.tgz#e0ead64079b746765f08643d3fc0d4629c7468c8"
  integrity sha512-vc/AqYhXqQyDSTVRx2RNIlKNTwSdsVBP3Tp512kOCgzz8IIaHbdebVdi3PDRG1PUXv0oH/KBzdvDlS04fVV9Jg==

catchment@^3.2.3, catchment@^3.3.0:
  version "3.3.0"
  resolved "https://registry.yarnpkg.com/catchment/-/catchment-3.3.0.tgz#e57eb70183d6a75ee71da0cb8ec2e76ac01317d2"
  integrity sha512-PACm54CBCUZv1uEOMyNiB6i0kkDMdDN0+VYXIQAaeZMDcjudyPccgpYLWQfGCwCW/Q9SOfD6MyBLmxL3qh7V3A==
  dependencies:
    "@artdeco/clean-stack" "^1.1.1"
    erotic "^2.1.0"

depack@^1.1.1:
  version "1.1.1"
  resolved "https://registry.yarnpkg.com/depack/-/depack-1.1.1.tgz#92773b5637b923f7734a7e2309d9f05d10abc655"
  integrity sha512-/sOJfu26agc2KFzqCpvwpEmbVlbOUXJ7oSWcL/fLrw3IybrF5F8DvaMPrikZ0+HdV2nFW2TFmN0WJAEYCExNAQ==
  dependencies:
    "@depack/nodejs" "^1.1.4"
    "@externs/nodejs" "^1.5.0"

documentary@^1.35.13:
  version "1.35.13"
  resolved "https://registry.yarnpkg.com/documentary/-/documentary-1.35.13.tgz#ff3db9b622bd8f903dd9824fb087f3db5d2d7c15"
  integrity sha512-mcrEHv4hS2kq174N1dVHT7cJOS4Qz39XCBW/9textUh53eL6pAUumMDf4FpuhEFrbHoGumvr4ty7Y5INO2onWA==
  dependencies:
    alamode "^3.4.1"
    preact "8.5.3"
    typal "^1.26.2"

erotic@^2.1.0:
  version "2.1.1"
  resolved "https://registry.yarnpkg.com/erotic/-/erotic-2.1.1.tgz#97f20c2d6e7fd2ec6f7996823009d3ac8ae7157f"
  integrity sha512-S1ns+uibigdXxxzqiO5VNZw3d0YNrVb4jZ7OUAklO4722/ytp+nta6txsUhYmnIEI0TF7jjXNjGvcmw0I/Rs7A==
  dependencies:
    "@artdeco/clean-stack" "^1.1.1"

erte@^1.2.0:
  version "1.2.0"
  resolved "https://registry.yarnpkg.com/erte/-/erte-1.2.0.tgz#8b7dbf6ad822d96f071947d20d5f440623f10769"
  integrity sha512-saxyNviRCvFENCyZ66O58cY8icaraVeQOgGks6ujsBeS7zf3yyjXrhyfMpERZo7SJH1KKdXcSQqgemxW6eIpjA==

eslint-config-artdeco@1.0.1:
  version "1.0.1"
  resolved "https://registry.yarnpkg.com/eslint-config-artdeco/-/eslint-config-artdeco-1.0.1.tgz#4451c9d0ed1ce4d33dfd43a6315f12c8bfb04274"
  integrity sha1-RFHJ0O0c5NM9/UOmMV8SyL+wQnQ=

fpj@^1.3.0:
  version "1.3.0"
  resolved "https://registry.yarnpkg.com/fpj/-/fpj-1.3.0.tgz#c01dd7d72e69fa5f82d339f5e6fbc3b3256d286a"
  integrity sha512-RduDTdeaoEPD+zzyv7eYefGiPD6DVhNnhwOWTzG1aJnCDmkJrbdDfaWAOxyM0Xw75Ui6+o6wJyAUDrnyqmQvcg==
  dependencies:
    "@wrote/exists" "^1.0.5"
    "@wrote/read" "^1.0.4"
    resolve-dependency "^1.0.3"

makepromise@^3.0.3, makepromise@^3.1.0:
  version "3.2.0"
  resolved "https://registry.yarnpkg.com/makepromise/-/makepromise-3.2.0.tgz#5967d982e01cdc5d044c544489c9e2a7abebc3b0"
  integrity sha512-Hb8mGdLkE/rba1McbPdQl3NU86ovEm3RXhKFsuxUQ2SxLfMOXP5aES/2BLVWigpS0hoBy0NBIYnHHvouLdDuzg==
  dependencies:
    erotic "^2.1.0"

pedantry@^2.3.1:
  version "2.5.2"
  resolved "https://registry.yarnpkg.com/pedantry/-/pedantry-2.5.2.tgz#631adc950b36ac5790b9dbca3e24ccbeb572f778"
  integrity sha512-seZWm7tMjRMThtI4rON3u8DyKW3//a7dFfGMt0hj1R/TvlLVLOe3+T2HunKgh51gt71fxYTfbi0DkvUkZh0Qrg==

preact@8.5.3:
  version "8.5.3"
  resolved "https://registry.yarnpkg.com/preact/-/preact-8.5.3.tgz#78c2a5562fcecb1fed1d0055fa4ac1e27bde17c1"
  integrity sha512-O3kKP+1YdgqHOFsZF2a9JVdtqD+RPzCQc3rP+Ualf7V6rmRDchZ9MJbiGTT7LuyqFKZqlHSOyO/oMFmI2lVTsw==

resolve-dependency@^1.0.3:
  version "1.0.3"
  resolved "https://registry.yarnpkg.com/resolve-dependency/-/resolve-dependency-1.0.3.tgz#f0f78d0cea2c2fbf9dcf38b67ab15363aba8db34"
  integrity sha512-d9kWZE8B6XNztEl4UTYfZ08bSToR3uQSpRnumj4UWrY2UQTk9DBrMhpCfvNk1DowtB1gXdhn6fXtoKvYeRV5jg==
  dependencies:
    "@wrote/exists" "^1.0.3"

restream@^3.7.1, restream@^3.7.4:
  version "3.7.4"
  resolved "https://registry.yarnpkg.com/restream/-/restream-3.7.4.tgz#e86c455f92ba65ce41d9e450ed54d065a130f89c"
  integrity sha512-heKiPfU5CLE/jTLcs53MyvE1jje/V/JViAD95LMY1p0XVDLyVcyM4iUo0iYUnuNUYTUxrJyKpXDTu7GKOr0pFA==
  dependencies:
    "@artdeco/clean-stack" "^1.1.1"
    catchment "^3.3.0"

spawncommand@^2.2.0:
  version "2.2.0"
  resolved "https://registry.yarnpkg.com/spawncommand/-/spawncommand-2.2.0.tgz#545791d135482bd5428c9de1e889305abde42889"
  integrity sha512-WTmgdPAoXKgb4DyYArazcpR6KUcRMhXbSN3c1jE/QvX8jMkAV9/WI6yrJBsPL9q3sEfXjPyoat+/0yYYm8i+9w==
  dependencies:
    catchment "^3.3.0"

temp-context@^2.1.3:
  version "2.1.3"
  resolved "https://registry.yarnpkg.com/temp-context/-/temp-context-2.1.3.tgz#278502e47a2aa717334d5d84f18657ea42d7512c"
  integrity sha512-x5Zoj1X1OJe/2RNbPJwVLbhFs0Gu8552E8VBAEZH+vLxARdUb1Kf5RXIdX6VZBMmgRpN1NXEXJsMcNirIHubeA==
  dependencies:
    "@wrote/clone" "^1.1.1"
    "@wrote/ensure-path" "^1.0.6"
    "@wrote/read" "^1.0.3"
    "@wrote/rm" "^1.1.3"
    "@wrote/write" "^1.0.3"
    catchment "^3.2.3"
    makepromise "^3.0.3"
    pedantry "^2.3.1"

typal@^1.26.2:
  version "1.26.2"
  resolved "https://registry.yarnpkg.com/typal/-/typal-1.26.2.tgz#081ae64710cdb2ccb593280a874372f945182c7f"
  integrity sha512-ljiVBveC6U4a83g0NBGW2JaYHT7bsUitxYtaznQAHppGgG8XScx4oZjd6zaqv0QpfOb6MMmqrMLGuGG2xl/xgw==

usually@^1.2.0:
  version "1.2.0"
  resolved "https://registry.yarnpkg.com/usually/-/usually-1.2.0.tgz#ce4d8ea87875599bbfb3af48692595a3114f618f"
  integrity sha512-/PIDu3pkZNqYdzOr0Cyq2q8FP3ziBISOvVJtZcypg3BygIW/W618oF4dtK4mhCxbk3bUzrfTbCxDWCCr85bq/g==

which-stream@^1.2.1:
  version "1.2.1"
  resolved "https://registry.yarnpkg.com/which-stream/-/which-stream-1.2.1.tgz#5c33c86102453634e11f336c1d32dcaee391d906"
  integrity sha512-+wnOZBHeuZpRT3t+GE/NwHTTCpgzF4auKTCNpD3s3s9oiGlX+O5Wum2UrbkfRKaWJ9iWMX0vMKuKkkyTv8xY0w==

yarn-s@1.2.3:
  version "1.2.3"
  resolved "https://registry.yarnpkg.com/yarn-s/-/yarn-s-1.2.3.tgz#ec8fac3bca62c4c970b7e88eef98a5f01c421dab"
  integrity sha512-XNV6KYcT6LCLlogwbArTrn8wlqYVnlR+MqAZULxNVaShw7qrBx5PjsNSIMbKFIRxPKdjisv7O8oBg9mWY63Tvw==

zoroaster@^4.3.0:
  version "4.3.0"
  resolved "https://registry.yarnpkg.com/zoroaster/-/zoroaster-4.3.0.tgz#fd234d249471cb3100fc71e92d6d275ed3059c11"
  integrity sha512-OGZuacxTM6TT8n/wCcDTO7p8mAioBxztTofXqh6ck2tJ3UNFdlKN1UYwU2V6go+v4/tH8jZE1jf+sIMFrH4RkA==
  dependencies:
    "@zoroaster/assert" "^1.0.2"
    "@zoroaster/mask" "^2.5.0"
    alamode "^3.3.3"
